
Microsoft Visual Studio Solution File, Format Version 12.00
# Visual Studio 15
VisualStudioVersion = 15.0.33801.198
MinimumVisualStudioVersion = 10.0.40219.1
Project("{E24C65DC-7377-472B-9ABA-BC803B73C61A}") = "WebEscuelaFinal", "WebEscuelaFinal\", "{87935E4F-5CD2-4837-93DC-0DACCF3BB31B}"
	ProjectSection(WebsiteProperties) = preProject
		TargetFrameworkMoniker = ".NETFramework,Version%3Dv4.6.1"
		ProjectReferences = "{f6455c15-8529-47df-8dbb-118d756f732c}|BASICA.dll;{ebfde34a-03c7-4979-9dd3-95426a1ec911}|BUSSINESSCHOOL.dll;"
		Debug.AspNetCompiler.VirtualPath = "/localhost_52993"
		Debug.AspNetCompiler.PhysicalPath = "WebEscuelaFinal\"
		Debug.AspNetCompiler.TargetPath = "PrecompiledWeb\localhost_52993\"
		Debug.AspNetCompiler.Updateable = "true"
		Debug.AspNetCompiler.ForceOverwrite = "true"
		Debug.AspNetCompiler.FixedNames = "false"
		Debug.AspNetCompiler.Debug = "True"
		Release.AspNetCompiler.VirtualPath = "/localhost_52993"
		Release.AspNetCompiler.PhysicalPath = "WebEscuelaFinal\"
		Release.AspNetCompiler.TargetPath = "PrecompiledWeb\localhost_52993\"
		Release.AspNetCompiler.Updateable = "true"
		Release.AspNetCompiler.ForceOverwrite = "true"
		Release.AspNetCompiler.FixedNames = "false"
		Release.AspNetCompiler.Debug = "False"
		VWDPort = "52993"
		SlnRelativePath = "WebEscuelaFinal\"
		DefaultWebSiteLanguage = "Visual C#"
	EndProjectSection
EndProject
Project("{FAE04EC0-301F-11D3-BF4B-00C04F79EFBC}") = "BASICA", "..\..\CAPA DE DATOS\BASICA\BASICA\BASICA.csproj", "{F6455C15-8529-47DF-8DBB-118D756F732C}"
EndProject
Project("{FAE04EC0-301F-11D3-BF4B-00C04F79EFBC}") = "BUSSINESSCHOOL", "..\..\CAPA DE NEGOCIO\BUSSINESSCHOOL\BUSSINESSCHOOL.csproj", "{EBFDE34A-03C7-4979-9DD3-95426A1EC911}"
EndProject
Global
	GlobalSection(SolutionConfigurationPlatforms) = preSolution
		Debug|Any CPU = Debug|Any CPU
		Release|Any CPU = Release|Any CPU
	EndGlobalSection
	GlobalSection(ProjectConfigurationPlatforms) = postSolution
		{87935E4F-5CD2-4837-93DC-0DACCF3BB31B}.Debug|Any CPU.ActiveCfg = Debug|Any CPU
		{87935E4F-5CD2-4837-93DC-0DACCF3BB31B}.Debug|Any CPU.Build.0 = Debug|Any CPU
		{87935E4F-5CD2-4837-93DC-0DACCF3BB31B}.Release|Any CPU.ActiveCfg = Debug|Any CPU
		{87935E4F-5CD2-4837-93DC-0DACCF3BB31B}.Release|Any CPU.Build.0 = Debug|Any CPU
		{F6455C15-8529-47DF-8DBB-118D756F732C}.Debug|Any CPU.ActiveCfg = Debug|Any CPU
		{F6455C15-8529-47DF-8DBB-118D756F732C}.Debug|Any CPU.Build.0 = Debug|Any CPU
		{F6455C15-8529-47DF-8DBB-118D756F732C}.Release|Any CPU.ActiveCfg = Release|Any CPU
		{F6455C15-8529-47DF-8DBB-118D756F732C}.Release|Any CPU.Build.0 = Release|Any CPU
		{EBFDE34A-03C7-4979-9DD3-95426A1EC911}.Debug|Any CPU.ActiveCfg = Debug|Any CPU
		{EBFDE34A-03C7-4979-9DD3-95426A1EC911}.Debug|Any CPU.Build.0 = Debug|Any CPU
		{EBFDE34A-03C7-4979-9DD3-95426A1EC911}.Release|Any CPU.ActiveCfg = Release|Any CPU
		{EBFDE34A-03C7-4979-9DD3-95426A1EC911}.Release|Any CPU.Build.0 = Release|Any CPU
	EndGlobalSection
	GlobalSection(SolutionProperties) = preSolution
		HideSolutionNode = FALSE
	EndGlobalSection
	GlobalSection(ExtensibilityGlobals) = postSolution
		SolutionGuid = {F6729FED-1896-445C-B7CF-019C5E11A8F6}
	EndGlobalSection
EndGlobal
