
Microsoft Visual Studio Solution File, Format Version 12.00
# Visual Studio 15
VisualStudioVersion = 15.0.28307.1585
MinimumVisualStudioVersion = 10.0.40219.1
Project("{FAE04EC0-301F-11D3-BF4B-00C04F79EFBC}") = "BASICA", "BASICA\BASICA.csproj", "{F6455C15-8529-47DF-8DBB-118D756F732C}"
EndProject
Project("{FAE04EC0-301F-11D3-BF4B-00C04F79EFBC}") = "BussinesTable", "DussinesTable\BussinesTable.csproj", "{E8B920DD-FA3E-46FE-8826-50D3BEB96B55}"
EndProject
Global
	GlobalSection(SolutionConfigurationPlatforms) = preSolution
		Debug|Any CPU = Debug|Any CPU
		Release|Any CPU = Release|Any CPU
	EndGlobalSection
	GlobalSection(ProjectConfigurationPlatforms) = postSolution
		{F6455C15-8529-47DF-8DBB-118D756F732C}.Debug|Any CPU.ActiveCfg = Debug|Any CPU
		{F6455C15-8529-47DF-8DBB-118D756F732C}.Debug|Any CPU.Build.0 = Debug|Any CPU
		{F6455C15-8529-47DF-8DBB-118D756F732C}.Release|Any CPU.ActiveCfg = Release|Any CPU
		{F6455C15-8529-47DF-8DBB-118D756F732C}.Release|Any CPU.Build.0 = Release|Any CPU
		{E8B920DD-FA3E-46FE-8826-50D3BEB96B55}.Debug|Any CPU.ActiveCfg = Debug|Any CPU
		{E8B920DD-FA3E-46FE-8826-50D3BEB96B55}.Debug|Any CPU.Build.0 = Debug|Any CPU
		{E8B920DD-FA3E-46FE-8826-50D3BEB96B55}.Release|Any CPU.ActiveCfg = Release|Any CPU
		{E8B920DD-FA3E-46FE-8826-50D3BEB96B55}.Release|Any CPU.Build.0 = Release|Any CPU
	EndGlobalSection
	GlobalSection(SolutionProperties) = preSolution
		HideSolutionNode = FALSE
	EndGlobalSection
	GlobalSection(ExtensibilityGlobals) = postSolution
		SolutionGuid = {961AADA5-FAED-4752-95F8-51FF52891202}
	EndGlobalSection
EndGlobal
